{
  "name": "public",
  "lockfileVersion": 3,
  "requires": true,
  "packages": {
    "": {
      "dependencies": {
        "datatables.net-bs5": "^2.0.3",
        "inputmask": "^5.0.8",
        "toastr": "^2.1.4"
      }
    },
    "node_modules/datatables.net": {
      "version": "2.0.3",
      "resolved": "https://registry.npmjs.org/datatables.net/-/datatables.net-2.0.3.tgz",
      "integrity": "sha512-phq7jhkjIlVdahZYa2nd/yeiDgFrvT++Sily3GgztG3T7qqdAWkjtLuGA2Pv5p7XBwkJ0zwf+0KDRU54uR7WAg==",
      "dependencies": {
        "jquery": ">=1.7"
      }
    },
    "node_modules/datatables.net-bs5": {
      "version": "2.0.3",
      "resolved": "https://registry.npmjs.org/datatables.net-bs5/-/datatables.net-bs5-2.0.3.tgz",
      "integrity": "sha512-q6DfrRLTw0D9CdOFr2RGIsW8UWTcD2wKvZ6xsKrzUq2AJpbdrXwj/gK97x0ot3YdEw/Qf/kQgqJeQ40r96fP6A==",
      "dependencies": {
        "datatables.net": "2.0.3",
        "jquery": ">=1.7"
      }
    },
    "node_modules/inputmask": {
      "version": "5.0.8",
      "resolved": "https://registry.npmjs.org/inputmask/-/inputmask-5.0.8.tgz",
      "integrity": "sha512-1WcbyudPTXP1B28ozWWyFa6QRIUG4KiLoyR6LFHlpT4OfTzRqFfWgHFadNvRuMN1S9XNVz9CdNvCGjJi+uAMqQ=="
    },
    "node_modules/jquery": {
      "version": "3.7.1",
      "resolved": "https://registry.npmjs.org/jquery/-/jquery-3.7.1.tgz",
      "integrity": "sha512-m4avr8yL8kmFN8psrbFFFmB/If14iN5o9nw/NgnnM+kybDJpRsAynV2BsfpTYrTRysYUdADVD7CkUUizgkpLfg=="
    },
    "node_modules/toastr": {
      "version": "2.1.4",
      "resolved": "https://registry.npmjs.org/toastr/-/toastr-2.1.4.tgz",
      "integrity": "sha512-LIy77F5n+sz4tefMmFOntcJ6HL0Fv3k1TDnNmFZ0bU/GcvIIfy6eG2v7zQmMiYgaalAiUv75ttFrPn5s0gyqlA==",
      "dependencies": {
        "jquery": ">=1.12.0"
      }
    }
  }
}
